lockfileVersion: '9.0'

settings:
  autoInstallPeers: true
  excludeLinksFromLockfile: false

importers:

  .:
    dependencies:
      node:
        specifier: ^25.2.1
        version: 25.2.1

packages:

  node-bin-setup@1.1.4:
    resolution: {integrity: sha512-vWNHOne0ZUavArqPP5LJta50+S8R261Fr5SvGul37HbEDcowvLjwdvd0ZeSr0r2lTSrPxl6okq9QUw8BFGiAxA==}

  node@25.2.1:
    resolution: {integrity: sha512-Rp87DFppNrZIUeKhzNeVHZ3/gHO0cT0ie89h4KONVRH/1vjz+tfMtUpUGyiHdph/1BfDpCDDdf4GcTLUGhgKxw==}
    engines: {npm: '>=5.0.0'}
    hasBin: true

snapshots:

  node-bin-setup@1.1.4: {}

  node@25.2.1:
    dependencies:
      node-bin-setup: 1.1.4
